
Microsoft Visual Studio Solution File, Format Version 12.00
# Visual Studio Version 16
VisualStudioVersion = 16.0.32413.511
MinimumVisualStudioVersion = 10.0.40219.1
Project("{8BC9CEB8-8B4A-11D0-8D11-00A0C91BC942}") = "c_hl7", "c_hl7\c_hl7.vcxproj", "{B812A1BB-A72E-48F6-8400-C7482706BEDB}"
EndProject
Global
	GlobalSection(SolutionConfigurationPlatforms) = preSolution
		Debug|x64 = Debug|x64
		Debug|x86 = Debug|x86
		Release|x64 = Release|x64
		Release|x86 = Release|x86
	EndGlobalSection
	GlobalSection(ProjectConfigurationPlatforms) = postSolution
		{B812A1BB-A72E-48F6-8400-C7482706BEDB}.Debug|x64.ActiveCfg = Debug|x64
		{B812A1BB-A72E-48F6-8400-C7482706BEDB}.Debug|x64.Build.0 = Debug|x64
		{B812A1BB-A72E-48F6-8400-C7482706BEDB}.Debug|x86.ActiveCfg = Debug|Win32
		{B812A1BB-A72E-48F6-8400-C7482706BEDB}.Debug|x86.Build.0 = Debug|Win32
		{B812A1BB-A72E-48F6-8400-C7482706BEDB}.Release|x64.ActiveCfg = Release|x64
		{B812A1BB-A72E-48F6-8400-C7482706BEDB}.Release|x64.Build.0 = Release|x64
		{B812A1BB-A72E-48F6-8400-C7482706BEDB}.Release|x86.ActiveCfg = Release|Win32
		{B812A1BB-A72E-48F6-8400-C7482706BEDB}.Release|x86.Build.0 = Release|Win32
	EndGlobalSection
	GlobalSection(SolutionProperties) = preSolution
		HideSolutionNode = FALSE
	EndGlobalSection
	GlobalSection(ExtensibilityGlobals) = postSolution
		SolutionGuid = {570C8141-DBC7-44BE-9384-9294B7D5D2E5}
	EndGlobalSection
EndGlobal
